// !$*UTF8*$!
{
	archiveVersion = 1;
	classes = {
	};
	objectVersion = 50;
	objects = {

/* Begin PBXBuildFile section */
		970D25B82133304D00A579E4 /* AppDelegate.swift in Sources */ = {isa = PBXBuildFile; fileRef = 970D25B72133304D00A579E4 /* AppDelegate.swift */; };
		970D25BA2133304D00A579E4 /* ViewController.swift in Sources */ = {isa = PBXBuildFile; fileRef = 970D25B92133304D00A579E4 /* ViewController.swift */; };
		970D25BD2133304D00A579E4 /* Main.storyboard in Resources */ = {isa = PBXBuildFile; fileRef = 970D25BB2133304D00A579E4 /* Main.storyboard */; };
		970D25BF2133304E00A579E4 /* Assets.xcassets in Resources */ = {isa = PBXBuildFile; fileRef = 970D25BE2133304E00A579E4 /* Assets.xcassets */; };
		970D25C22133304E00A579E4 /* LaunchScreen.storyboard in Resources */ = {isa = PBXBuildFile; fileRef = 970D25C02133304E00A579E4 /* LaunchScreen.storyboard */; };
		970D25CA2133498000A579E4 /* BinaryDecimal.swift in Sources */ = {isa = PBXBuildFile; fileRef = 970D25C92133498000A579E4 /* BinaryDecimal.swift */; };
/* End PBXBuildFile section */

/* Begin PBXFileReference section */
		970D25B42133304C00A579E4 /* Binary.app */ = {isa = PBXFileReference; explicitFileType = wrapper.application; includeInIndex = 0; path = Binary.app; sourceTree = BUILT_PRODUCTS_DIR; };
		970D25B72133304D00A579E4 /* AppDelegate.swift */ = {isa = PBXFileReference; lastKnownFileType = sourcecode.swift; path = AppDelegate.swift; sourceTree = "<group>"; };
		970D25B92133304D00A579E4 /* ViewController.swift */ = {isa = PBXFileReference; lastKnownFileType = sourcecode.swift; path = ViewController.swift; sourceTree = "<group>"; };
		970D25BC2133304D00A579E4 /* Base */ = {isa = PBXFileReference; lastKnownFileType = file.storyboard; name = Base; path = Base.lproj/Main.storyboard; sourceTree = "<group>"; };
		970D25BE2133304E00A579E4 /* Assets.xcassets */ = {isa = PBXFileReference; lastKnownFileType = folder.assetcatalog; path = Assets.xcassets; sourceTree = "<group>"; };
		970D25C12133304E00A579E4 /* Base */ = {isa = PBXFileReference; lastKnownFileType = file.storyboard; name = Base; path = Base.lproj/LaunchScreen.storyboard; sourceTree = "<group>"; };
		970D25C32133304E00A579E4 /* Info.plist */ = {isa = PBXFileReference; lastKnownFileType = text.plist.xml; path = Info.plist; sourceTree = "<group>"; };
		970D25C92133498000A579E4 /* BinaryDecimal.swift */ = {isa = PBXFileReference; lastKnownFileType = sourcecode.swift; path = BinaryDecimal.swift; sourceTree = "<group>"; };
/* End PBXFileReference section */

/* Begin PBXFrameworksBuildPhase section */
		970D25B12133304C00A579E4 /* Frameworks */ = {
			isa = PBXFrameworksBuildPhase;
			buildActionMask = 2147483647;
			files = (
			);
			runOnlyForDeploymentPostprocessing = 0;
		};
/* End PBXFrameworksBuildPhase section */

/* Begin PBXGroup section */
		970D25AB2133304C00A579E4 = {
			isa = PBXGroup;
			children = (
				970D25B62133304C00A579E4 /* Binary */,
				970D25B52133304C00A579E4 /* Products */,
			);
			sourceTree = "<group>";
		};
		970D25B52133304C00A579E4 /* Products */ = {
			isa = PBXGroup;
			children = (
				970D25B42133304C00A579E4 /* Binary.app */,
			);
			name = Products;
			sourceTree = "<group>";
		};
		970D25B62133304C00A579E4 /* Binary */ = {
			isa = PBXGroup;
			children = (
				970D25CC213349A100A579E4 /* Model */,
				970D25CB2133499600A579E4 /* Controller */,
				970D25B72133304D00A579E4 /* AppDelegate.swift */,
				970D25BB2133304D00A579E4 /* Main.storyboard */,
				970D25BE2133304E00A579E4 /* Assets.xcassets */,
				970D25C02133304E00A579E4 /* LaunchScreen.storyboard */,
				970D25C32133304E00A579E4 /* Info.plist */,
			);
			path = Binary;
			sourceTree = "<group>";
		};
		970D25CB2133499600A579E4 /* Controller */ = {
			isa = PBXGroup;
			children = (
				970D25B92133304D00A579E4 /* ViewController.swift */,
			);
			path = Controller;
			sourceTree = "<group>";
		};
		970D25CC213349A100A579E4 /* Model */ = {
			isa = PBXGroup;
			children = (
				970D25C92133498000A579E4 /* BinaryDecimal.swift */,
			);
			path = Model;
			sourceTree = "<group>";
		};
/* End PBXGroup section */

/* Begin PBXNativeTarget section */
		970D25B32133304C00A579E4 /* Binary */ = {
			isa = PBXNativeTarget;
			buildConfigurationList = 970D25C62133304E00A579E4 /* Build configuration list for PBXNativeTarget "Binary" */;
			buildPhases = (
				970D25B02133304C00A579E4 /* Sources */,
				970D25B12133304C00A579E4 /* Frameworks */,
				970D25B22133304C00A579E4 /* Resources */,
			);
			buildRules = (
			);
			dependencies = (
			);
			name = Binary;
			productName = Binary;
			productReference = 970D25B42133304C00A579E4 /* Binary.app */;
			productType = "com.apple.product-type.application";
		};
/* End PBXNativeTarget section */

/* Begin PBXProject section */
		970D25AC2133304C00A579E4 /* Project object */ = {
			isa = PBXProject;
			attributes = {
				LastSwiftUpdateCheck = 0940;
				LastUpgradeCheck = 0940;
				ORGANIZATIONNAME = "Alan Ramos";
				TargetAttributes = {
					970D25B32133304C00A579E4 = {
						CreatedOnToolsVersion = 9.4.1;
					};
				};
			};
			buildConfigurationList = 970D25AF2133304C00A579E4 /* Build configuration list for PBXProject "Binary" */;
			compatibilityVersion = "Xcode 9.3";
			developmentRegion = en;
			hasScannedForEncodings = 0;
			knownRegions = (
				en,
				Base,
			);
			mainGroup = 970D25AB2133304C00A579E4;
			productRefGroup = 970D25B52133304C00A579E4 /* Products */;
			projectDirPath = "";
			projectRoot = "";
			targets = (
				970D25B32133304C00A579E4 /* Binary */,
			);
		};
/* End PBXProject section */

/* Begin PBXResourcesBuildPhase section */
		970D25B22133304C00A579E4 /* Resources */ = {
			isa = PBXResourcesBuildPhase;
			buildActionMask = 2147483647;
			files = (
				970D25C22133304E00A579E4 /* LaunchScreen.storyboard in Resources */,
				970D25BF2133304E00A579E4 /* Assets.xcassets in Resources */,
				970D25BD2133304D00A579E4 /* Main.storyboard in Resources */,
			);
			runOnlyForDeploymentPostprocessing = 0;
		};
/* End PBXResourcesBuildPhase section */

/* Begin PBXSourcesBuildPhase section */
		970D25B02133304C00A579E4 /* Sources */ = {
			isa = PBXSourcesBuildPhase;
			buildActionMask = 2147483647;
			files = (
				970D25CA2133498000A579E4 /* BinaryDecimal.swift in Sources */,
				970D25BA2133304D00A579E4 /* ViewController.swift in Sources */,
				970D25B82133304D00A579E4 /* AppDelegate.swift in Sources */,
			);
			runOnlyForDeploymentPostprocessing = 0;
		};
/* End PBXSourcesBuildPhase section */

/* Begin PBXVariantGroup section */
		970D25BB2133304D00A579E4 /* Main.storyboard */ = {
			isa = PBXVariantGroup;
			children = (
				970D25BC2133304D00A579E4 /* Base */,
			);
			name = Main.storyboard;
			sourceTree = "<group>";
		};
		970D25C02133304E00A579E4 /* LaunchScreen.storyboard */ = {
			isa = PBXVariantGroup;
			children = (
				970D25C12133304E00A579E4 /* Base */,
			);
			name = LaunchScreen.storyboard;
			sourceTree = "<group>";
		};
/* End PBXVariantGroup section */

/* Begin XCBuildConfiguration section */
		970D25C42133304E00A579E4 /* Debug */ = {
			isa = XCBuildConfiguration;
			buildSettings = {
				ALWAYS_SEARCH_USER_PATHS = NO;
				CLANG_ANALYZER_NONNULL = YES;
				CLANG_ANALYZER_NUMBER_OBJECT_CONVERSION = YES_AGGRESSIVE;
				CLANG_CXX_LANGUAGE_STANDARD = "gnu++14";
				CLANG_CXX_LIBRARY = "libc++";
				CLANG_ENABLE_MODULES = YES;
				CLANG_ENABLE_OBJC_ARC = YES;
				CLANG_ENABLE_OBJC_WEAK = YES;
				CLANG_WARN_BLOCK_CAPTURE_AUTORELEASING = YES;
				CLANG_WARN_BOOL_CONVERSION = YES;
				CLANG_WARN_COMMA = YES;
				CLANG_WARN_CONSTANT_CONVERSION = YES;
				CLANG_WARN_DEPRECATED_OBJC_IMPLEMENTATIONS = YES;
				CLANG_WARN_DIRECT_OBJC_ISA_USAGE = YES_ERROR;
				CLANG_WARN_DOCUMENTATION_COMMENTS = YES;
				CLANG_WARN_EMPTY_BODY = YES;
				CLANG_WARN_ENUM_CONVERSION = YES;
				CLANG_WARN_INFINITE_RECURSION = YES;
				CLANG_WARN_INT_CONVERSION = YES;
				CLANG_WARN_NON_LITERAL_NULL_CONVERSION = YES;
				CLANG_WARN_OBJC_IMPLICIT_RETAIN_SELF = YES;
				CLANG_WARN_OBJC_LITERAL_CONVERSION = YES;
				CLANG_WARN_OBJC_ROOT_CLASS = YES_ERROR;
				CLANG_WARN_RANGE_LOOP_ANALYSIS = YES;
				CLANG_WARN_STRICT_PROTOTYPES = YES;
				CLANG_WARN_SUSPICIOUS_MOVE = YES;
				CLANG_WARN_UNGUARDED_AVAILABILITY = YES_AGGRESSIVE;
				CLANG_WARN_UNREACHABLE_CODE = YES;
				CLANG_WARN__DUPLICATE_METHOD_MATCH = YES;
				CODE_SIGN_IDENTITY = "iPhone Developer";
				COPY_PHASE_STRIP = NO;
				DEBUG_INFORMATION_FORMAT = dwarf;
				ENABLE_STRICT_OBJC_MSGSEND = YES;
				ENABLE_TESTABILITY = YES;
				GCC_C_LANGUAGE_STANDARD = gnu11;
				GCC_DYNAMIC_NO_PIC = NO;
				GCC_NO_COMMON_BLOCKS = YES;
				GCC_OPTIMIZATION_LEVEL = 0;
				GCC_PREPROCESSOR_DEFINITIONS = (
					"DEBUG=1",
					"$(inherited)",
				);
				GCC_WARN_64_TO_32_BIT_CONVERSION = YES;
				GCC_WARN_ABOUT_RETURN_TYPE = YES_ERROR;
				GCC_WARN_UNDECLARED_SELECTOR = YES;
				GCC_WARN_UNINITIALIZED_AUTOS = YES_AGGRESSIVE;
				GCC_WARN_UNUSED_FUNCTION = YES;
				GCC_WARN_UNUSED_VARIABLE = YES;
				IPHONEOS_DEPLOYMENT_TARGET = 11.4;
				MTL_ENABLE_DEBUG_INFO = YES;
				ONLY_ACTIVE_ARCH = YES;
				SDKROOT = iphoneos;
				SWIFT_ACTIVE_COMPILATION_CONDITIONS = DEBUG;
				SWIFT_OPTIMIZATION_LEVEL = "-Onone";
			};
			name = Debug;
		};
		970D25C52133304E00A579E4 /* Release */ = {
			isa = XCBuildConfiguration;
			buildSettings = {
				ALWAYS_SEARCH_USER_PATHS = NO;
				CLANG_ANALYZER_NONNULL = YES;
				CLANG_ANALYZER_NUMBER_OBJECT_CONVERSION = YES_AGGRESSIVE;
				CLANG_CXX_LANGUAGE_STANDARD = "gnu++14";
				CLANG_CXX_LIBRARY = "libc++";
				CLANG_ENABLE_MODULES = YES;
				CLANG_ENABLE_OBJC_ARC = YES;
				CLANG_ENABLE_OBJC_WEAK = YES;
				CLANG_WARN_BLOCK_CAPTURE_AUTORELEASING = YES;
				CLANG_WARN_BOOL_CONVERSION = YES;
				CLANG_WARN_COMMA = YES;
				CLANG_WARN_CONSTANT_CONVERSION = YES;
				CLANG_WARN_DEPRECATED_OBJC_IMPLEMENTATIONS = YES;
				CLANG_WARN_DIRECT_OBJC_ISA_USAGE = YES_ERROR;
				CLANG_WARN_DOCUMENTATION_COMMENTS = YES;
				CLANG_WARN_EMPTY_BODY = YES;
				CLANG_WARN_ENUM_CONVERSION = YES;
				CLANG_WARN_INFINITE_RECURSION = YES;
				CLANG_WARN_INT_CONVERSION = YES;
				CLANG_WARN_NON_LITERAL_NULL_CONVERSION = YES;
				CLANG_WARN_OBJC_IMPLICIT_RETAIN_SELF = YES;
				CLANG_WARN_OBJC_LITERAL_CONVERSION = YES;
				CLANG_WARN_OBJC_ROOT_CLASS = YES_ERROR;
				CLANG_WARN_RANGE_LOOP_ANALYSIS = YES;
				CLANG_WARN_STRICT_PROTOTYPES = YES;
				CLANG_WARN_SUSPICIOUS_MOVE = YES;
				CLANG_WARN_UNGUARDED_AVAILABILITY = YES_AGGRESSIVE;
				CLANG_WARN_UNREACHABLE_CODE = YES;
				CLANG_WARN__DUPLICATE_METHOD_MATCH = YES;
				CODE_SIGN_IDENTITY = "iPhone Developer";
				COPY_PHASE_STRIP = NO;
				DEBUG_INFORMATION_FORMAT = "dwarf-with-dsym";
				ENABLE_NS_ASSERTIONS = NO;
				ENABLE_STRICT_OBJC_MSGSEND = YES;
				GCC_C_LANGUAGE_STANDARD = gnu11;
				GCC_NO_COMMON_BLOCKS = YES;
				GCC_WARN_64_TO_32_BIT_CONVERSION = YES;
				GCC_WARN_ABOUT_RETURN_TYPE = YES_ERROR;
				GCC_WARN_UNDECLARED_SELECTOR = YES;
				GCC_WARN_UNINITIALIZED_AUTOS = YES_AGGRESSIVE;
				GCC_WARN_UNUSED_FUNCTION = YES;
				GCC_WARN_UNUSED_VARIABLE = YES;
				IPHONEOS_DEPLOYMENT_TARGET = 11.4;
				MTL_ENABLE_DEBUG_INFO = NO;
				SDKROOT = iphoneos;
				SWIFT_COMPILATION_MODE = wholemodule;
				SWIFT_OPTIMIZATION_LEVEL = "-O";
				VALIDATE_PRODUCT = YES;
			};
			name = Release;
		};
		970D25C72133304E00A579E4 /* Debug */ = {
			isa = XCBuildConfiguration;
			buildSettings = {
				ASSETCATALOG_COMPILER_APPICON_NAME = AppIcon;
				CODE_SIGN_STYLE = Automatic;
				DEVELOPMENT_TEAM = 8JCDGET2T5;
				INFOPLIST_FILE = Binary/Info.plist;
				LD_RUNPATH_SEARCH_PATHS = (
					"$(inherited)",
					"@executable_path/Frameworks",
				);
				PRODUCT_BUNDLE_IDENTIFIER = AGROApps.Binary;
				PRODUCT_NAME = "$(TARGET_NAME)";
				SWIFT_VERSION = 4.0;
				TARGETED_DEVICE_FAMILY = "1,2";
			};
			name = Debug;
		};
		970D25C82133304E00A579E4 /* Release */ = {
			isa = XCBuildConfiguration;
			buildSettings = {
				ASSETCATALOG_COMPILER_APPICON_NAME = AppIcon;
				CODE_SIGN_STYLE = Automatic;
				DEVELOPMENT_TEAM = 8JCDGET2T5;
				INFOPLIST_FILE = Binary/Info.plist;
				LD_RUNPATH_SEARCH_PATHS = (
					"$(inherited)",
					"@executable_path/Frameworks",
				);
				PRODUCT_BUNDLE_IDENTIFIER = AGROApps.Binary;
				PRODUCT_NAME = "$(TARGET_NAME)";
				SWIFT_VERSION = 4.0;
				TARGETED_DEVICE_FAMILY = "1,2";
			};
			name = Release;
		};
/* End XCBuildConfiguration section */

/* Begin XCConfigurationList section */
		970D25AF2133304C00A579E4 /* Build configuration list for PBXProject "Binary" */ = {
			isa = XCConfigurationList;
			buildConfigurations = (
				970D25C42133304E00A579E4 /* Debug */,
				970D25C52133304E00A579E4 /* Release */,
			);
			defaultConfigurationIsVisible = 0;
			defaultConfigurationName = Release;
		};
		970D25C62133304E00A579E4 /* Build configuration list for PBXNativeTarget "Binary" */ = {
			isa = XCConfigurationList;
			buildConfigurations = (
				970D25C72133304E00A579E4 /* Debug */,
				970D25C82133304E00A579E4 /* Release */,
			);
			defaultConfigurationIsVisible = 0;
			defaultConfigurationName = Release;
		};
/* End XCConfigurationList section */
	};
	rootObject = 970D25AC2133304C00A579E4 /* Project object */;
}
